// !$*UTF8*$!
{
	archiveVersion = 1;
	classes = {
	};
	objectVersion = 46;
	objects = {

/* Begin PBXBuildFile section */
		1851C5EA16C972A000CCCDB3 /* Default-568h@2x.png in Resources */ = {isa = PBXBuildFile; fileRef = 1851C5E916C972A000CCCDB3 /* Default-568h@2x.png */; };
		1855E91416D9750700154B42 /* UIKit.framework in Frameworks */ = {isa = PBXBuildFile; fileRef = 186C43731538512100502D64 /* UIKit.framework */; };
		1855E91516D9750700154B42 /* Foundation.framework in Frameworks */ = {isa = PBXBuildFile; fileRef = 186C43751538512100502D64 /* Foundation.framework */; };
		1855E91616D9750700154B42 /* CoreGraphics.framework in Frameworks */ = {isa = PBXBuildFile; fileRef = 186C43771538512100502D64 /* CoreGraphics.framework */; };
		1855E93616D9754400154B42 /* Default.png in Resources */ = {isa = PBXBuildFile; fileRef = 1855E93016D9754300154B42 /* Default.png */; };
		1855E93716D9754400154B42 /* Default@2x.png in Resources */ = {isa = PBXBuildFile; fileRef = 1855E93116D9754300154B42 /* Default@2x.png */; };
		1855E93916D9754400154B42 /* main.m in Sources */ = {isa = PBXBuildFile; fileRef = 1855E93416D9754300154B42 /* main.m */; };
		186C43741538512100502D64 /* UIKit.framework in Frameworks */ = {isa = PBXBuildFile; fileRef = 186C43731538512100502D64 /* UIKit.framework */; };
		186C43761538512100502D64 /* Foundation.framework in Frameworks */ = {isa = PBXBuildFile; fileRef = 186C43751538512100502D64 /* Foundation.framework */; };
		186C43781538512100502D64 /* CoreGraphics.framework in Frameworks */ = {isa = PBXBuildFile; fileRef = 186C43771538512100502D64 /* CoreGraphics.framework */; };
		186C437E1538512100502D64 /* InfoPlist.strings in Resources */ = {isa = PBXBuildFile; fileRef = 186C437C1538512100502D64 /* InfoPlist.strings */; };
		186C43801538512200502D64 /* main.m in Sources */ = {isa = PBXBuildFile; fileRef = 186C437F1538512100502D64 /* main.m */; };
		186C43841538512200502D64 /* FPAppDelegate.m in Sources */ = {isa = PBXBuildFile; fileRef = 186C43831538512200502D64 /* FPAppDelegate.m */; };
		186C43871538512200502D64 /* FPViewController.m in Sources */ = {isa = PBXBuildFile; fileRef = 186C43861538512200502D64 /* FPViewController.m */; };
		186C438A1538512200502D64 /* FPViewController_iPhone.xib in Resources */ = {isa = PBXBuildFile; fileRef = 186C43881538512200502D64 /* FPViewController_iPhone.xib */; };
		186C438D1538512200502D64 /* FPViewController_iPad.xib in Resources */ = {isa = PBXBuildFile; fileRef = 186C438B1538512200502D64 /* FPViewController_iPad.xib */; };
		186C439B153851F600502D64 /* Readme.md in Resources */ = {isa = PBXBuildFile; fileRef = 186C439A153851F600502D64 /* Readme.md */; };
		186C43A115386E2200502D64 /* DemoTableController.m in Sources */ = {isa = PBXBuildFile; fileRef = 186C43A015386E2200502D64 /* DemoTableController.m */; };
		18C427041764920D001D4A24 /* FPPopoverKeyboardResponsiveController.m in Sources */ = {isa = PBXBuildFile; fileRef = 18C427031764920D001D4A24 /* FPPopoverKeyboardResponsiveController.m */; };
		18D8FA31155050F0005E2222 /* Foundation.framework in Frameworks */ = {isa = PBXBuildFile; fileRef = 186C43751538512100502D64 /* Foundation.framework */; };
		18D8FA3B155050FE005E2222 /* FPPopoverController.m in Sources */ = {isa = PBXBuildFile; fileRef = 186C43951538513B00502D64 /* FPPopoverController.m */; };
		18D8FA3C155050FE005E2222 /* FPPopoverView.m in Sources */ = {isa = PBXBuildFile; fileRef = 186C43971538513B00502D64 /* FPPopoverView.m */; };
		18D8FA3D155050FE005E2222 /* FPTouchView.m in Sources */ = {isa = PBXBuildFile; fileRef = 186C43AB153CAD1000502D64 /* FPTouchView.m */; };
		18D8FA3E15505102005E2222 /* FPPopoverController.h in Headers */ = {isa = PBXBuildFile; fileRef = 186C43941538513B00502D64 /* FPPopoverController.h */; settings = {ATTRIBUTES = (Public, ); }; };
		18D8FA3F15505102005E2222 /* FPPopoverView.h in Headers */ = {isa = PBXBuildFile; fileRef = 186C43961538513B00502D64 /* FPPopoverView.h */; settings = {ATTRIBUTES = (Public, ); }; };
		18D8FA4015505102005E2222 /* FPTouchView.h in Headers */ = {isa = PBXBuildFile; fileRef = 186C43AA153CAD1000502D64 /* FPTouchView.h */; settings = {ATTRIBUTES = (Public, ); }; };
		18D8FA4315505122005E2222 /* libfppopover.a in Frameworks */ = {isa = PBXBuildFile; fileRef = 18D8FA30155050F0005E2222 /* libfppopover.a */; };
		18D8FA45155051BA005E2222 /* background_iPad.png in Resources */ = {isa = PBXBuildFile; fileRef = 18D8FA44155051BA005E2222 /* background_iPad.png */; };
		18DF90A616C97B50006FFF28 /* alpha_popover.png in Resources */ = {isa = PBXBuildFile; fileRef = 18DF90A516C97B50006FFF28 /* alpha_popover.png */; };
		18E1272316D9756F00FB6CD0 /* Default-568h@2x.png in Resources */ = {isa = PBXBuildFile; fileRef = 18E1272216D9756F00FB6CD0 /* Default-568h@2x.png */; };
		18E1272516D9765A00FB6CD0 /* GHUnitIOS.framework in Frameworks */ = {isa = PBXBuildFile; fileRef = 18E1272416D9765A00FB6CD0 /* GHUnitIOS.framework */; };
		18E1272816D9771200FB6CD0 /* MemoryTests.m in Sources */ = {isa = PBXBuildFile; fileRef = 18E1272716D9771200FB6CD0 /* MemoryTests.m */; };
		18E1272916D977D000FB6CD0 /* FPPopoverController.m in Sources */ = {isa = PBXBuildFile; fileRef = 186C43951538513B00502D64 /* FPPopoverController.m */; };
		18E1272A16D977D000FB6CD0 /* FPPopoverView.m in Sources */ = {isa = PBXBuildFile; fileRef = 186C43971538513B00502D64 /* FPPopoverView.m */; };
		18E1272B16D977D000FB6CD0 /* FPTouchView.m in Sources */ = {isa = PBXBuildFile; fileRef = 186C43AB153CAD1000502D64 /* FPTouchView.m */; };
		18E1272E16D9791800FB6CD0 /* QuartzCore.framework in Frameworks */ = {isa = PBXBuildFile; fileRef = 18E1272D16D9791800FB6CD0 /* QuartzCore.framework */; };
		18EF6DEB154ED27D005AB1DD /* background.png in Resources */ = {isa = PBXBuildFile; fileRef = 18EF6DE9154ED27D005AB1DD /* background.png */; };
		18EF6DEC154ED27D005AB1DD /* background@2x.png in Resources */ = {isa = PBXBuildFile; fileRef = 18EF6DEA154ED27D005AB1DD /* background@2x.png */; };
		18F357271584E6E700AD4F07 /* FPDemoTableViewController.m in Sources */ = {isa = PBXBuildFile; fileRef = 18F357261584E6E700AD4F07 /* FPDemoTableViewController.m */; };
/* End PBXBuildFile section */

/* Begin PBXContainerItemProxy section */
		18D8FA4115505114005E2222 /* PBXContainerItemProxy */ = {
			isa = PBXContainerItemProxy;
			containerPortal = 186C43661538512100502D64 /* Project object */;
			proxyType = 1;
			remoteGlobalIDString = 18D8FA2F155050F0005E2222;
			remoteInfo = fppopover;
		};
/* End PBXContainerItemProxy section */

/* Begin PBXFileReference section */
		1851C5E916C972A000CCCDB3 /* Default-568h@2x.png */ = {isa = PBXFileReference; lastKnownFileType = image.png; path = "Default-568h@2x.png"; sourceTree = "<group>"; };
		1855E91316D9750700154B42 /* FPPopoverTests.app */ = {isa = PBXFileReference; explicitFileType = wrapper.application; includeInIndex = 0; path = FPPopoverTests.app; sourceTree = BUILT_PRODUCTS_DIR; };
		1855E93016D9754300154B42 /* Default.png */ = {isa = PBXFileReference; lastKnownFileType = image.png; path = Default.png; sourceTree = "<group>"; };
		1855E93116D9754300154B42 /* Default@2x.png */ = {isa = PBXFileReference; lastKnownFileType = image.png; path = "Default@2x.png"; sourceTree = "<group>"; };
		1855E93216D9754300154B42 /* FPPopoverTests-Info.plist */ = {isa = PBXFileReference; fileEncoding = 4; lastKnownFileType = text.plist.xml; path = "FPPopoverTests-Info.plist"; sourceTree = "<group>"; };
		1855E93316D9754300154B42 /* FPPopoverTests-Prefix.pch */ = {isa = PBXFileReference; fileEncoding = 4; lastKnownFileType = sourcecode.c.h; path = "FPPopoverTests-Prefix.pch"; sourceTree = "<group>"; };
		1855E93416D9754300154B42 /* main.m */ = {isa = PBXFileReference; fileEncoding = 4; lastKnownFileType = sourcecode.c.objc; path = main.m; sourceTree = "<group>"; };
		186C436F1538512100502D64 /* FPPopoverDemo.app */ = {isa = PBXFileReference; explicitFileType = wrapper.application; includeInIndex = 0; path = FPPopoverDemo.app; sourceTree = BUILT_PRODUCTS_DIR; };
		186C43731538512100502D64 /* UIKit.framework */ = {isa = PBXFileReference; lastKnownFileType = wrapper.framework; name = UIKit.framework; path = System/Library/Frameworks/UIKit.framework; sourceTree = SDKROOT; };
		186C43751538512100502D64 /* Foundation.framework */ = {isa = PBXFileReference; lastKnownFileType = wrapper.framework; name = Foundation.framework; path = System/Library/Frameworks/Foundation.framework; sourceTree = SDKROOT; };
		186C43771538512100502D64 /* CoreGraphics.framework */ = {isa = PBXFileReference; lastKnownFileType = wrapper.framework; name = CoreGraphics.framework; path = System/Library/Frameworks/CoreGraphics.framework; sourceTree = SDKROOT; };
		186C437B1538512100502D64 /* FPPopoverDemo-Info.plist */ = {isa = PBXFileReference; lastKnownFileType = text.plist.xml; path = "FPPopoverDemo-Info.plist"; sourceTree = "<group>"; };
		186C437D1538512100502D64 /* en */ = {isa = PBXFileReference; lastKnownFileType = text.plist.strings; name = en; path = en.lproj/InfoPlist.strings; sourceTree = "<group>"; };
		186C437F1538512100502D64 /* main.m */ = {isa = PBXFileReference; lastKnownFileType = sourcecode.c.objc; path = main.m; sourceTree = "<group>"; };
		186C43811538512200502D64 /* FPPopoverDemo-Prefix.pch */ = {isa = PBXFileReference; lastKnownFileType = sourcecode.c.h; path = "FPPopoverDemo-Prefix.pch"; sourceTree = "<group>"; };
		186C43821538512200502D64 /* FPAppDelegate.h */ = {isa = PBXFileReference; lastKnownFileType = sourcecode.c.h; path = FPAppDelegate.h; sourceTree = "<group>"; };
		186C43831538512200502D64 /* FPAppDelegate.m */ = {isa = PBXFileReference; lastKnownFileType = sourcecode.c.objc; path = FPAppDelegate.m; sourceTree = "<group>"; };
		186C43851538512200502D64 /* FPViewController.h */ = {isa = PBXFileReference; lastKnownFileType = sourcecode.c.h; path = FPViewController.h; sourceTree = "<group>"; };
		186C43861538512200502D64 /* FPViewController.m */ = {isa = PBXFileReference; lastKnownFileType = sourcecode.c.objc; path = FPViewController.m; sourceTree = "<group>"; };
		186C43891538512200502D64 /* en */ = {isa = PBXFileReference; lastKnownFileType = file.xib; name = en; path = en.lproj/FPViewController_iPhone.xib; sourceTree = "<group>"; };
		186C438C1538512200502D64 /* en */ = {isa = PBXFileReference; lastKnownFileType = file.xib; name = en; path = en.lproj/FPViewController_iPad.xib; sourceTree = "<group>"; };
		186C43941538513B00502D64 /* FPPopoverController.h */ = {isa = PBXFileReference; fileEncoding = 4; lastKnownFileType = sourcecode.c.h; path = FPPopoverController.h; sourceTree = "<group>"; };
		186C43951538513B00502D64 /* FPPopoverController.m */ = {isa = PBXFileReference; fileEncoding = 4; lastKnownFileType = sourcecode.c.objc; path = FPPopoverController.m; sourceTree = "<group>"; };
		186C43961538513B00502D64 /* FPPopoverView.h */ = {isa = PBXFileReference; fileEncoding = 4; lastKnownFileType = sourcecode.c.h; path = FPPopoverView.h; sourceTree = "<group>"; };
		186C43971538513B00502D64 /* FPPopoverView.m */ = {isa = PBXFileReference; fileEncoding = 4; lastKnownFileType = sourcecode.c.objc; path = FPPopoverView.m; sourceTree = "<group>"; };
		186C439A153851F600502D64 /* Readme.md */ = {isa = PBXFileReference; fileEncoding = 4; lastKnownFileType = text; path = Readme.md; sourceTree = "<group>"; };
		186C439F15386E2200502D64 /* DemoTableController.h */ = {isa = PBXFileReference; fileEncoding = 4; lastKnownFileType = sourcecode.c.h; path = DemoTableController.h; sourceTree = "<group>"; };
		186C43A015386E2200502D64 /* DemoTableController.m */ = {isa = PBXFileReference; fileEncoding = 4; lastKnownFileType = sourcecode.c.objc; path = DemoTableController.m; sourceTree = "<group>"; };
		186C43AA153CAD1000502D64 /* FPTouchView.h */ = {isa = PBXFileReference; fileEncoding = 4; lastKnownFileType = sourcecode.c.h; path = FPTouchView.h; sourceTree = "<group>"; };
		186C43AB153CAD1000502D64 /* FPTouchView.m */ = {isa = PBXFileReference; fileEncoding = 4; lastKnownFileType = sourcecode.c.objc; path = FPTouchView.m; sourceTree = "<group>"; };
		18C427021764920D001D4A24 /* FPPopoverKeyboardResponsiveController.h */ = {isa = PBXFileReference; fileEncoding = 4; lastKnownFileType = sourcecode.c.h; path = FPPopoverKeyboardResponsiveController.h; sourceTree = "<group>"; };
		18C427031764920D001D4A24 /* FPPopoverKeyboardResponsiveController.m */ = {isa = PBXFileReference; fileEncoding = 4; lastKnownFileType = sourcecode.c.objc; path = FPPopoverKeyboardResponsiveController.m; sourceTree = "<group>"; };
		18D8FA30155050F0005E2222 /* libfppopover.a */ = {isa = PBXFileReference; explicitFileType = archive.ar; includeInIndex = 0; path = libfppopover.a; sourceTree = BUILT_PRODUCTS_DIR; };
		18D8FA34155050F0005E2222 /* fppopover-Prefix.pch */ = {isa = PBXFileReference; lastKnownFileType = sourcecode.c.h; path = "fppopover-Prefix.pch"; sourceTree = "<group>"; };
		18D8FA44155051BA005E2222 /* background_iPad.png */ = {isa = PBXFileReference; lastKnownFileType = image.png; path = background_iPad.png; sourceTree = "<group>"; };
		18D8FA4815505DFD005E2222 /* LICENSE */ = {isa = PBXFileReference; lastKnownFileType = text; path = LICENSE; sourceTree = "<group>"; };
		18DF90A516C97B50006FFF28 /* alpha_popover.png */ = {isa = PBXFileReference; lastKnownFileType = image.png; path = alpha_popover.png; sourceTree = "<group>"; };
		18E1272216D9756F00FB6CD0 /* Default-568h@2x.png */ = {isa = PBXFileReference; lastKnownFileType = image.png; path = "Default-568h@2x.png"; sourceTree = "<group>"; };
		18E1272416D9765A00FB6CD0 /* GHUnitIOS.framework */ = {isa = PBXFileReference; lastKnownFileType = wrapper.framework; name = GHUnitIOS.framework; path = FPPopoverTests/GHUnitIOS.framework; sourceTree = "<group>"; };
		18E1272716D9771200FB6CD0 /* MemoryTests.m */ = {isa = PBXFileReference; fileEncoding = 4; lastKnownFileType = sourcecode.c.objc; path = MemoryTests.m; sourceTree = "<group>"; };
		18E1272D16D9791800FB6CD0 /* QuartzCore.framework */ = {isa = PBXFileReference; lastKnownFileType = wrapper.framework; name = QuartzCore.framework; path = System/Library/Frameworks/QuartzCore.framework; sourceTree = SDKROOT; };
		18E1272F16D97A6500FB6CD0 /* ARCMacros.h */ = {isa = PBXFileReference; lastKnownFileType = sourcecode.c.h; path = ARCMacros.h; sourceTree = "<group>"; };
		18EF6DE9154ED27D005AB1DD /* background.png */ = {isa = PBXFileReference; lastKnownFileType = image.png; path = background.png; sourceTree = "<group>"; };
		18EF6DEA154ED27D005AB1DD /* background@2x.png */ = {isa = PBXFileReference; lastKnownFileType = image.png; path = "background@2x.png"; sourceTree = "<group>"; };
		18F357251584E6E700AD4F07 /* FPDemoTableViewController.h */ = {isa = PBXFileReference; fileEncoding = 4; lastKnownFileType = sourcecode.c.h; path = FPDemoTableViewController.h; sourceTree = "<group>"; };
		18F357261584E6E700AD4F07 /* FPDemoTableViewController.m */ = {isa = PBXFileReference; fileEncoding = 4; lastKnownFileType = sourcecode.c.objc; path = FPDemoTableViewController.m; sourceTree = "<group>"; };
/* End PBXFileReference section */

/* Begin PBXFrameworksBuildPhase section */
		1855E91016D9750700154B42 /* Frameworks */ = {
			isa = PBXFrameworksBuildPhase;
			buildActionMask = 2147483647;
			files = (
				18E1272E16D9791800FB6CD0 /* QuartzCore.framework in Frameworks */,
				1855E91416D9750700154B42 /* UIKit.framework in Frameworks */,
				1855E91516D9750700154B42 /* Foundation.framework in Frameworks */,
				1855E91616D9750700154B42 /* CoreGraphics.framework in Frameworks */,
				18E1272516D9765A00FB6CD0 /* GHUnitIOS.framework in Frameworks */,
			);
			runOnlyForDeploymentPostprocessing = 0;
		};
		186C436C1538512100502D64 /* Frameworks */ = {
			isa = PBXFrameworksBuildPhase;
			buildActionMask = 2147483647;
			files = (
				18D8FA4315505122005E2222 /* libfppopover.a in Frameworks */,
				186C43741538512100502D64 /* UIKit.framework in Frameworks */,
				186C43761538512100502D64 /* Foundation.framework in Frameworks */,
				186C43781538512100502D64 /* CoreGraphics.framework in Frameworks */,
			);
			runOnlyForDeploymentPostprocessing = 0;
		};
		18D8FA2D155050F0005E2222 /* Frameworks */ = {
			isa = PBXFrameworksBuildPhase;
			buildActionMask = 2147483647;
			files = (
				18D8FA31155050F0005E2222 /* Foundation.framework in Frameworks */,
			);
			runOnlyForDeploymentPostprocessing = 0;
		};
/* End PBXFrameworksBuildPhase section */

/* Begin PBXGroup section */
		1855E91716D9750700154B42 /* FPPopoverTests */ = {
			isa = PBXGroup;
			children = (
				18E1272C16D977DA00FB6CD0 /* Tests */,
				1855E91816D9750700154B42 /* Supporting Files */,
			);
			path = FPPopoverTests;
			sourceTree = "<group>";
		};
		1855E91816D9750700154B42 /* Supporting Files */ = {
			isa = PBXGroup;
			children = (
				1855E93016D9754300154B42 /* Default.png */,
				1855E93116D9754300154B42 /* Default@2x.png */,
				18E1272216D9756F00FB6CD0 /* Default-568h@2x.png */,
				1855E93216D9754300154B42 /* FPPopoverTests-Info.plist */,
				1855E93316D9754300154B42 /* FPPopoverTests-Prefix.pch */,
				1855E93416D9754300154B42 /* main.m */,
			);
			name = "Supporting Files";
			sourceTree = "<group>";
		};
		186C43641538512100502D64 = {
			isa = PBXGroup;
			children = (
				18E1272D16D9791800FB6CD0 /* QuartzCore.framework */,
				18DF90A316C9792F006FFF28 /* images */,
				1851C5E916C972A000CCCDB3 /* Default-568h@2x.png */,
				18D8FA4815505DFD005E2222 /* LICENSE */,
				186C439A153851F600502D64 /* Readme.md */,
				186C43931538512A00502D64 /* FPPopover */,
				186C43791538512100502D64 /* FPPopoverDemo */,
				18D8FA32155050F0005E2222 /* fppopover */,
				1855E91716D9750700154B42 /* FPPopoverTests */,
				186C43721538512100502D64 /* Frameworks */,
				186C43701538512100502D64 /* Products */,
			);
			sourceTree = "<group>";
		};
		186C43701538512100502D64 /* Products */ = {
			isa = PBXGroup;
			children = (
				186C436F1538512100502D64 /* FPPopoverDemo.app */,
				18D8FA30155050F0005E2222 /* libfppopover.a */,
				1855E91316D9750700154B42 /* FPPopoverTests.app */,
			);
			name = Products;
			sourceTree = "<group>";
		};
		186C43721538512100502D64 /* Frameworks */ = {
			isa = PBXGroup;
			children = (
				18E1272416D9765A00FB6CD0 /* GHUnitIOS.framework */,
				186C43731538512100502D64 /* UIKit.framework */,
				186C43751538512100502D64 /* Foundation.framework */,
				186C43771538512100502D64 /* CoreGraphics.framework */,
			);
			name = Frameworks;
			sourceTree = "<group>";
		};
		186C43791538512100502D64 /* FPPopoverDemo */ = {
			isa = PBXGroup;
			children = (
				186C43821538512200502D64 /* FPAppDelegate.h */,
				186C43831538512200502D64 /* FPAppDelegate.m */,
				186C43851538512200502D64 /* FPViewController.h */,
				186C43861538512200502D64 /* FPViewController.m */,
				18F357251584E6E700AD4F07 /* FPDemoTableViewController.h */,
				18F357261584E6E700AD4F07 /* FPDemoTableViewController.m */,
				18C427021764920D001D4A24 /* FPPopoverKeyboardResponsiveController.h */,
				18C427031764920D001D4A24 /* FPPopoverKeyboardResponsiveController.m */,
				186C43881538512200502D64 /* FPViewController_iPhone.xib */,
				186C438B1538512200502D64 /* FPViewController_iPad.xib */,
				186C437A1538512100502D64 /* Supporting Files */,
				18EF6DD9154ECC72005AB1DD /* Resources */,
				186C439F15386E2200502D64 /* DemoTableController.h */,
				186C43A015386E2200502D64 /* DemoTableController.m */,
			);
			path = FPPopoverDemo;
			sourceTree = "<group>";
		};
		186C437A1538512100502D64 /* Supporting Files */ = {
			isa = PBXGroup;
			children = (
				186C437B1538512100502D64 /* FPPopoverDemo-Info.plist */,
				186C437C1538512100502D64 /* InfoPlist.strings */,
				186C437F1538512100502D64 /* main.m */,
				186C43811538512200502D64 /* FPPopoverDemo-Prefix.pch */,
			);
			name = "Supporting Files";
			sourceTree = "<group>";
		};
		186C43931538512A00502D64 /* FPPopover */ = {
			isa = PBXGroup;
			children = (
				18E1272F16D97A6500FB6CD0 /* ARCMacros.h */,
				186C43941538513B00502D64 /* FPPopoverController.h */,
				186C43951538513B00502D64 /* FPPopoverController.m */,
				186C43961538513B00502D64 /* FPPopoverView.h */,
				186C43971538513B00502D64 /* FPPopoverView.m */,
				186C43AA153CAD1000502D64 /* FPTouchView.h */,
				186C43AB153CAD1000502D64 /* FPTouchView.m */,
			);
			name = FPPopover;
			sourceTree = "<group>";
		};
		18D8FA32155050F0005E2222 /* fppopover */ = {
			isa = PBXGroup;
			children = (
				18D8FA33155050F0005E2222 /* Supporting Files */,
			);
			path = fppopover;
			sourceTree = "<group>";
		};
		18D8FA33155050F0005E2222 /* Supporting Files */ = {
			isa = PBXGroup;
			children = (
				18D8FA34155050F0005E2222 /* fppopover-Prefix.pch */,
			);
			name = "Supporting Files";
			sourceTree = "<group>";
		};
		18DF90A316C9792F006FFF28 /* images */ = {
			isa = PBXGroup;
			children = (
				18DF90A516C97B50006FFF28 /* alpha_popover.png */,
			);
			name = images;
			sourceTree = "<group>";
		};
		18E1272C16D977DA00FB6CD0 /* Tests */ = {
			isa = PBXGroup;
			children = (
				18E1272716D9771200FB6CD0 /* MemoryTests.m */,
			);
			name = Tests;
			sourceTree = "<group>";
		};
		18EF6DD9154ECC72005AB1DD /* Resources */ = {
			isa = PBXGroup;
			children = (
				18EF6DDB154ECC80005AB1DD /* DemoImages */,
			);
			name = Resources;
			sourceTree = "<group>";
		};
		18EF6DDB154ECC80005AB1DD /* DemoImages */ = {
			isa = PBXGroup;
			children = (
				18EF6DE9154ED27D005AB1DD /* background.png */,
				18EF6DEA154ED27D005AB1DD /* background@2x.png */,
				18D8FA44155051BA005E2222 /* background_iPad.png */,
			);
			name = DemoImages;
			sourceTree = "<group>";
		};
/* End PBXGroup section */

/* Begin PBXHeadersBuildPhase section */
		18D8FA2E155050F0005E2222 /* Headers */ = {
			isa = PBXHeadersBuildPhase;
			buildActionMask = 2147483647;
			files = (
				18D8FA3E15505102005E2222 /* FPPopoverController.h in Headers */,
				18D8FA3F15505102005E2222 /* FPPopoverView.h in Headers */,
				18D8FA4015505102005E2222 /* FPTouchView.h in Headers */,
			);
			runOnlyForDeploymentPostprocessing = 0;
		};
/* End PBXHeadersBuildPhase section */

/* Begin PBXNativeTarget section */
		1855E91216D9750700154B42 /* FPPopoverTests */ = {
			isa = PBXNativeTarget;
			buildConfigurationList = 1855E92916D9750700154B42 /* Build configuration list for PBXNativeTarget "FPPopoverTests" */;
			buildPhases = (
				1855E90F16D9750700154B42 /* Sources */,
				1855E91016D9750700154B42 /* Frameworks */,
				1855E91116D9750700154B42 /* Resources */,
			);
			buildRules = (
			);
			dependencies = (
			);
			name = FPPopoverTests;
			productName = FPPopoverTests;
			productReference = 1855E91316D9750700154B42 /* FPPopoverTests.app */;
			productType = "com.apple.product-type.application";
		};
		186C436E1538512100502D64 /* FPPopoverDemo */ = {
			isa = PBXNativeTarget;
			buildConfigurationList = 186C43901538512200502D64 /* Build configuration list for PBXNativeTarget "FPPopoverDemo" */;
			buildPhases = (
				186C436B1538512100502D64 /* Sources */,
				186C436C1538512100502D64 /* Frameworks */,
				186C436D1538512100502D64 /* Resources */,
			);
			buildRules = (
			);
			dependencies = (
				18D8FA4215505114005E2222 /* PBXTargetDependency */,
			);
			name = FPPopoverDemo;
			productName = FPPopoverDemo;
			productReference = 186C436F1538512100502D64 /* FPPopoverDemo.app */;
			productType = "com.apple.product-type.application";
		};
		18D8FA2F155050F0005E2222 /* fppopover */ = {
			isa = PBXNativeTarget;
			buildConfigurationList = 18D8FA38155050F0005E2222 /* Build configuration list for PBXNativeTarget "fppopover" */;
			buildPhases = (
				18D8FA2C155050F0005E2222 /* Sources */,
				18D8FA2D155050F0005E2222 /* Frameworks */,
				18D8FA2E155050F0005E2222 /* Headers */,
			);
			buildRules = (
			);
			dependencies = (
			);
			name = fppopover;
			productName = fppopover;
			productReference = 18D8FA30155050F0005E2222 /* libfppopover.a */;
			productType = "com.apple.product-type.library.static";
		};
/* End PBXNativeTarget section */

/* Begin PBXProject section */
		186C43661538512100502D64 /* Project object */ = {
			isa = PBXProject;
			attributes = {
				CLASSPREFIX = FP;
				LastUpgradeCheck = 0430;
				ORGANIZATIONNAME = "Fifty Pixels Ltd";
			};
			buildConfigurationList = 186C43691538512100502D64 /* Build configuration list for PBXProject "FPPopoverDemo" */;
			compatibilityVersion = "Xcode 3.2";
			developmentRegion = English;
			hasScannedForEncodings = 0;
			knownRegions = (
				en,
			);
			mainGroup = 186C43641538512100502D64;
			productRefGroup = 186C43701538512100502D64 /* Products */;
			projectDirPath = "";
			projectRoot = "";
			targets = (
				186C436E1538512100502D64 /* FPPopoverDemo */,
				18D8FA2F155050F0005E2222 /* fppopover */,
				1855E91216D9750700154B42 /* FPPopoverTests */,
			);
		};
/* End PBXProject section */

/* Begin PBXResourcesBuildPhase section */
		1855E91116D9750700154B42 /* Resources */ = {
			isa = PBXResourcesBuildPhase;
			buildActionMask = 2147483647;
			files = (
				1855E93616D9754400154B42 /* Default.png in Resources */,
				1855E93716D9754400154B42 /* Default@2x.png in Resources */,
				18E1272316D9756F00FB6CD0 /* Default-568h@2x.png in Resources */,
			);
			runOnlyForDeploymentPostprocessing = 0;
		};
		186C436D1538512100502D64 /* Resources */ = {
			isa = PBXResourcesBuildPhase;
			buildActionMask = 2147483647;
			files = (
				186C437E1538512100502D64 /* InfoPlist.strings in Resources */,
				186C438A1538512200502D64 /* FPViewController_iPhone.xib in Resources */,
				186C438D1538512200502D64 /* FPViewController_iPad.xib in Resources */,
				186C439B153851F600502D64 /* Readme.md in Resources */,
				18EF6DEB154ED27D005AB1DD /* background.png in Resources */,
				18EF6DEC154ED27D005AB1DD /* background@2x.png in Resources */,
				18D8FA45155051BA005E2222 /* background_iPad.png in Resources */,
				1851C5EA16C972A000CCCDB3 /* Default-568h@2x.png in Resources */,
				18DF90A616C97B50006FFF28 /* alpha_popover.png in Resources */,
			);
			runOnlyForDeploymentPostprocessing = 0;
		};
/* End PBXResourcesBuildPhase section */

/* Begin PBXSourcesBuildPhase section */
		1855E90F16D9750700154B42 /* Sources */ = {
			isa = PBXSourcesBuildPhase;
			buildActionMask = 2147483647;
			files = (
				1855E93916D9754400154B42 /* main.m in Sources */,
				18E1272816D9771200FB6CD0 /* MemoryTests.m in Sources */,
				18E1272916D977D000FB6CD0 /* FPPopoverController.m in Sources */,
				18E1272A16D977D000FB6CD0 /* FPPopoverView.m in Sources */,
				18E1272B16D977D000FB6CD0 /* FPTouchView.m in Sources */,
			);
			runOnlyForDeploymentPostprocessing = 0;
		};
		186C436B1538512100502D64 /* Sources */ = {
			isa = PBXSourcesBuildPhase;
			buildActionMask = 2147483647;
			files = (
				186C43801538512200502D64 /* main.m in Sources */,
				186C43841538512200502D64 /* FPAppDelegate.m in Sources */,
				186C43871538512200502D64 /* FPViewController.m in Sources */,
				186C43A115386E2200502D64 /* DemoTableController.m in Sources */,
				18F357271584E6E700AD4F07 /* FPDemoTableViewController.m in Sources */,
				18C427041764920D001D4A24 /* FPPopoverKeyboardResponsiveController.m in Sources */,
			);
			runOnlyForDeploymentPostprocessing = 0;
		};
		18D8FA2C155050F0005E2222 /* Sources */ = {
			isa = PBXSourcesBuildPhase;
			buildActionMask = 2147483647;
			files = (
				18D8FA3B155050FE005E2222 /* FPPopoverController.m in Sources */,
				18D8FA3C155050FE005E2222 /* FPPopoverView.m in Sources */,
				18D8FA3D155050FE005E2222 /* FPTouchView.m in Sources */,
			);
			runOnlyForDeploymentPostprocessing = 0;
		};
/* End PBXSourcesBuildPhase section */

/* Begin PBXTargetDependency section */
		18D8FA4215505114005E2222 /* PBXTargetDependency */ = {
			isa = PBXTargetDependency;
			target = 18D8FA2F155050F0005E2222 /* fppopover */;
			targetProxy = 18D8FA4115505114005E2222 /* PBXContainerItemProxy */;
		};
/* End PBXTargetDependency section */

/* Begin PBXVariantGroup section */
		186C437C1538512100502D64 /* InfoPlist.strings */ = {
			isa = PBXVariantGroup;
			children = (
				186C437D1538512100502D64 /* en */,
			);
			name = InfoPlist.strings;
			sourceTree = "<group>";
		};
		186C43881538512200502D64 /* FPViewController_iPhone.xib */ = {
			isa = PBXVariantGroup;
			children = (
				186C43891538512200502D64 /* en */,
			);
			name = FPViewController_iPhone.xib;
			sourceTree = "<group>";
		};
		186C438B1538512200502D64 /* FPViewController_iPad.xib */ = {
			isa = PBXVariantGroup;
			children = (
				186C438C1538512200502D64 /* en */,
			);
			name = FPViewController_iPad.xib;
			sourceTree = "<group>";
		};
/* End PBXVariantGroup section */

/* Begin XCBuildConfiguration section */
		1855E92A16D9750700154B42 /* Debug */ = {
			isa = XCBuildConfiguration;
			buildSettings = {
				CLANG_CXX_LANGUAGE_STANDARD = "gnu++0x";
				CLANG_CXX_LIBRARY = "libc++";
				CLANG_WARN_CONSTANT_CONVERSION = YES;
				CLANG_WARN_EMPTY_BODY = YES;
				CLANG_WARN_ENUM_CONVERSION = YES;
				CLANG_WARN_INT_CONVERSION = YES;
				CLANG_WARN__DUPLICATE_METHOD_MATCH = YES;
				"CODE_SIGN_IDENTITY[sdk=iphoneos*]" = "iPhone Developer";
				FRAMEWORK_SEARCH_PATHS = (
					"$(inherited)",
					"\"$(SRCROOT)/FPPopoverTests\"",
				);
				GCC_PRECOMPILE_PREFIX_HEADER = YES;
				GCC_PREFIX_HEADER = "FPPopoverTests/FPPopoverTests-Prefix.pch";
				INFOPLIST_FILE = "FPPopoverTests/FPPopoverTests-Info.plist";
				IPHONEOS_DEPLOYMENT_TARGET = 6.1;
				ONLY_ACTIVE_ARCH = YES;
				OTHER_LDFLAGS = (
					"-all_load",
					"-ObjC",
				);
				PRODUCT_NAME = "$(TARGET_NAME)";
				WRAPPER_EXTENSION = app;
			};
			name = Debug;
		};
		1855E92B16D9750700154B42 /* Release */ = {
			isa = XCBuildConfiguration;
			buildSettings = {
				CLANG_CXX_LANGUAGE_STANDARD = "gnu++0x";
				CLANG_CXX_LIBRARY = "libc++";
				CLANG_WARN_CONSTANT_CONVERSION = YES;
				CLANG_WARN_EMPTY_BODY = YES;
				CLANG_WARN_ENUM_CONVERSION = YES;
				CLANG_WARN_INT_CONVERSION = YES;
				CLANG_WARN__DUPLICATE_METHOD_MATCH = YES;
				"CODE_SIGN_IDENTITY[sdk=iphoneos*]" = "iPhone Developer";
				FRAMEWORK_SEARCH_PATHS = (
					"$(inherited)",
					"\"$(SRCROOT)/FPPopoverTests\"",
				);
				GCC_PRECOMPILE_PREFIX_HEADER = YES;
				GCC_PREFIX_HEADER = "FPPopoverTests/FPPopoverTests-Prefix.pch";
				INFOPLIST_FILE = "FPPopoverTests/FPPopoverTests-Info.plist";
				IPHONEOS_DEPLOYMENT_TARGET = 6.1;
				OTHER_LDFLAGS = (
					"-all_load",
					"-ObjC",
				);
				PRODUCT_NAME = "$(TARGET_NAME)";
				WRAPPER_EXTENSION = app;
			};
			name = Release;
		};
		186C438E1538512200502D64 /* Debug */ = {
			isa = XCBuildConfiguration;
			buildSettings = {
				ALWAYS_SEARCH_USER_PATHS = NO;
				ARCHS = "$(ARCHS_STANDARD_32_BIT)";
				"CODE_SIGN_IDENTITY[sdk=iphoneos*]" = "iPhone Developer";
				COPY_PHASE_STRIP = NO;
				GCC_C_LANGUAGE_STANDARD = gnu99;
				GCC_DYNAMIC_NO_PIC = NO;
				GCC_OPTIMIZATION_LEVEL = 0;
				GCC_PREPROCESSOR_DEFINITIONS = (
					"DEBUG=1",
					"$(inherited)",
				);
				GCC_SYMBOLS_PRIVATE_EXTERN = NO;
				GCC_VERSION = com.apple.compilers.llvm.clang.1_0;
				GCC_WARN_ABOUT_RETURN_TYPE = YES;
				GCC_WARN_UNINITIALIZED_AUTOS = YES;
				GCC_WARN_UNUSED_VARIABLE = YES;
				IPHONEOS_DEPLOYMENT_TARGET = 5.1;
				SDKROOT = iphoneos;
				TARGETED_DEVICE_FAMILY = "1,2";
			};
			name = Debug;
		};
		186C438F1538512200502D64 /* Release */ = {
			isa = XCBuildConfiguration;
			buildSettings = {
				ALWAYS_SEARCH_USER_PATHS = NO;
				ARCHS = "$(ARCHS_STANDARD_32_BIT)";
				"CODE_SIGN_IDENTITY[sdk=iphoneos*]" = "iPhone Developer";
				COPY_PHASE_STRIP = YES;
				GCC_C_LANGUAGE_STANDARD = gnu99;
				GCC_VERSION = com.apple.compilers.llvm.clang.1_0;
				GCC_WARN_ABOUT_RETURN_TYPE = YES;
				GCC_WARN_UNINITIALIZED_AUTOS = YES;
				GCC_WARN_UNUSED_VARIABLE = YES;
				IPHONEOS_DEPLOYMENT_TARGET = 5.1;
				OTHER_CFLAGS = "-DNS_BLOCK_ASSERTIONS=1";
				SDKROOT = iphoneos;
				TARGETED_DEVICE_FAMILY = "1,2";
				VALIDATE_PRODUCT = YES;
			};
			name = Release;
		};
		186C43911538512200502D64 /* Debug */ = {
			isa = XCBuildConfiguration;
			buildSettings = {
				CLANG_ENABLE_OBJC_ARC = YES;
				GCC_PRECOMPILE_PREFIX_HEADER = YES;
				GCC_PREFIX_HEADER = "FPPopoverDemo/FPPopoverDemo-Prefix.pch";
				INFOPLIST_FILE = "FPPopoverDemo/FPPopoverDemo-Info.plist";
				IPHONEOS_DEPLOYMENT_TARGET = 6.0;
				PRODUCT_NAME = "$(TARGET_NAME)";
				WRAPPER_EXTENSION = app;
			};
			name = Debug;
		};
		186C43921538512200502D64 /* Release */ = {
			isa = XCBuildConfiguration;
			buildSettings = {
				CLANG_ENABLE_OBJC_ARC = YES;
				GCC_PRECOMPILE_PREFIX_HEADER = YES;
				GCC_PREFIX_HEADER = "FPPopoverDemo/FPPopoverDemo-Prefix.pch";
				INFOPLIST_FILE = "FPPopoverDemo/FPPopoverDemo-Info.plist";
				IPHONEOS_DEPLOYMENT_TARGET = 6.0;
				PRODUCT_NAME = "$(TARGET_NAME)";
				WRAPPER_EXTENSION = app;
			};
			name = Release;
		};
		18D8FA39155050F0005E2222 /* Debug */ = {
			isa = XCBuildConfiguration;
			buildSettings = {
				CLANG_ENABLE_OBJC_ARC = YES;
				DSTROOT = /tmp/fppopover.dst;
				GCC_PRECOMPILE_PREFIX_HEADER = YES;
				GCC_PREFIX_HEADER = "fppopover/fppopover-Prefix.pch";
				IPHONEOS_DEPLOYMENT_TARGET = 6.0;
				OTHER_LDFLAGS = "-ObjC";
				PRODUCT_NAME = "$(TARGET_NAME)";
				SKIP_INSTALL = YES;
			};
			name = Debug;
		};
		18D8FA3A155050F0005E2222 /* Release */ = {
			isa = XCBuildConfiguration;
			buildSettings = {
				CLANG_ENABLE_OBJC_ARC = YES;
				DSTROOT = /tmp/fppopover.dst;
				GCC_PRECOMPILE_PREFIX_HEADER = YES;
				GCC_PREFIX_HEADER = "fppopover/fppopover-Prefix.pch";
				IPHONEOS_DEPLOYMENT_TARGET = 6.0;
				OTHER_LDFLAGS = "-ObjC";
				PRODUCT_NAME = "$(TARGET_NAME)";
				SKIP_INSTALL = YES;
			};
			name = Release;
		};
/* End XCBuildConfiguration section */

/* Begin XCConfigurationList section */
		1855E92916D9750700154B42 /* Build configuration list for PBXNativeTarget "FPPopoverTests" */ = {
			isa = XCConfigurationList;
			buildConfigurations = (
				1855E92A16D9750700154B42 /* Debug */,
				1855E92B16D9750700154B42 /* Release */,
			);
			defaultConfigurationIsVisible = 0;
			defaultConfigurationName = Release;
		};
		186C43691538512100502D64 /* Build configuration list for PBXProject "FPPopoverDemo" */ = {
			isa = XCConfigurationList;
			buildConfigurations = (
				186C438E1538512200502D64 /* Debug */,
				186C438F1538512200502D64 /* Release */,
			);
			defaultConfigurationIsVisible = 0;
			defaultConfigurationName = Release;
		};
		186C43901538512200502D64 /* Build configuration list for PBXNativeTarget "FPPopoverDemo" */ = {
			isa = XCConfigurationList;
			buildConfigurations = (
				186C43911538512200502D64 /* Debug */,
				186C43921538512200502D64 /* Release */,
			);
			defaultConfigurationIsVisible = 0;
			defaultConfigurationName = Release;
		};
		18D8FA38155050F0005E2222 /* Build configuration list for PBXNativeTarget "fppopover" */ = {
			isa = XCConfigurationList;
			buildConfigurations = (
				18D8FA39155050F0005E2222 /* Debug */,
				18D8FA3A155050F0005E2222 /* Release */,
			);
			defaultConfigurationIsVisible = 0;
			defaultConfigurationName = Release;
		};
/* End XCConfigurationList section */
	};
	rootObject = 186C43661538512100502D64 /* Project object */;
}
